
Microsoft Visual Studio Solution File, Format Version 12.00
# Visual Studio Version 17
VisualStudioVersion = 17.4.33122.133
MinimumVisualStudioVersion = 10.0.40219.1
Project("{FAE04EC0-301F-11D3-BF4B-00C04F79EFBC}") = "p01_RealNums", "p01_RealNums\p01_RealNums.csproj", "{F4DA44EC-C769-494D-8D89-BCB371F3E497}"
EndProject
Project("{FAE04EC0-301F-11D3-BF4B-00C04F79EFBC}") = "p02_AreaCircle", "p02_AreaCircle\p02_AreaCircle.csproj", "{35715651-57ED-414B-8495-970A46D61D06}"
EndProject
Project("{FAE04EC0-301F-11D3-BF4B-00C04F79EFBC}") = "p03_RealSum", "p03_RealSum\p03_RealSum.csproj", "{0BA8D478-3A32-44E2-8A78-8F228E2C082F}"
EndProject
Project("{FAE04EC0-301F-11D3-BF4B-00C04F79EFBC}") = "p04_rectangle", "p04_rectangle\p04_rectangle.csproj", "{1C310610-F4B3-48D7-9DA3-D6F46220B65A}"
EndProject
Project("{FAE04EC0-301F-11D3-BF4B-00C04F79EFBC}") = "p05_Speed", "p05_Speed\p05_Speed.csproj", "{E6F5AB05-7758-473B-BDC2-770158453C79}"
EndProject
Global
	GlobalSection(SolutionConfigurationPlatforms) = preSolution
		Debug|Any CPU = Debug|Any CPU
		Release|Any CPU = Release|Any CPU
	EndGlobalSection
	GlobalSection(ProjectConfigurationPlatforms) = postSolution
		{F4DA44EC-C769-494D-8D89-BCB371F3E497}.Debug|Any CPU.ActiveCfg = Debug|Any CPU
		{F4DA44EC-C769-494D-8D89-BCB371F3E497}.Debug|Any CPU.Build.0 = Debug|Any CPU
		{F4DA44EC-C769-494D-8D89-BCB371F3E497}.Release|Any CPU.ActiveCfg = Release|Any CPU
		{F4DA44EC-C769-494D-8D89-BCB371F3E497}.Release|Any CPU.Build.0 = Release|Any CPU
		{35715651-57ED-414B-8495-970A46D61D06}.Debug|Any CPU.ActiveCfg = Debug|Any CPU
		{35715651-57ED-414B-8495-970A46D61D06}.Debug|Any CPU.Build.0 = Debug|Any CPU
		{35715651-57ED-414B-8495-970A46D61D06}.Release|Any CPU.ActiveCfg = Release|Any CPU
		{35715651-57ED-414B-8495-970A46D61D06}.Release|Any CPU.Build.0 = Release|Any CPU
		{0BA8D478-3A32-44E2-8A78-8F228E2C082F}.Debug|Any CPU.ActiveCfg = Debug|Any CPU
		{0BA8D478-3A32-44E2-8A78-8F228E2C082F}.Debug|Any CPU.Build.0 = Debug|Any CPU
		{0BA8D478-3A32-44E2-8A78-8F228E2C082F}.Release|Any CPU.ActiveCfg = Release|Any CPU
		{0BA8D478-3A32-44E2-8A78-8F228E2C082F}.Release|Any CPU.Build.0 = Release|Any CPU
		{1C310610-F4B3-48D7-9DA3-D6F46220B65A}.Debug|Any CPU.ActiveCfg = Debug|Any CPU
		{1C310610-F4B3-48D7-9DA3-D6F46220B65A}.Debug|Any CPU.Build.0 = Debug|Any CPU
		{1C310610-F4B3-48D7-9DA3-D6F46220B65A}.Release|Any CPU.ActiveCfg = Release|Any CPU
		{1C310610-F4B3-48D7-9DA3-D6F46220B65A}.Release|Any CPU.Build.0 = Release|Any CPU
		{E6F5AB05-7758-473B-BDC2-770158453C79}.Debug|Any CPU.ActiveCfg = Debug|Any CPU
		{E6F5AB05-7758-473B-BDC2-770158453C79}.Debug|Any CPU.Build.0 = Debug|Any CPU
		{E6F5AB05-7758-473B-BDC2-770158453C79}.Release|Any CPU.ActiveCfg = Release|Any CPU
		{E6F5AB05-7758-473B-BDC2-770158453C79}.Release|Any CPU.Build.0 = Release|Any CPU
	EndGlobalSection
	GlobalSection(SolutionProperties) = preSolution
		HideSolutionNode = FALSE
	EndGlobalSection
	GlobalSection(ExtensibilityGlobals) = postSolution
		SolutionGuid = {1A8C5135-C055-4469-96D0-EDC3AEE32008}
	EndGlobalSection
EndGlobal
