
Microsoft Visual Studio Solution File, Format Version 12.00
# Visual Studio Version 17
VisualStudioVersion = 17.4.33122.133
MinimumVisualStudioVersion = 10.0.40219.1
Project("{FAE04EC0-301F-11D3-BF4B-00C04F79EFBC}") = "p01_Hi", "p01_Hi\p01_Hi.csproj", "{5B7EF10E-A255-4B07-AECE-EECBB544EC65}"
EndProject
Project("{FAE04EC0-301F-11D3-BF4B-00C04F79EFBC}") = "p03_Object", "p03_Object\p03_Object.csproj", "{B0A1728C-47B5-4A5C-8405-11580AE720CD}"
EndProject
Project("{FAE04EC0-301F-11D3-BF4B-00C04F79EFBC}") = "p04_reverce", "p04_reverce\p04_reverce.csproj", "{0A54E1C0-07B5-498E-8FBA-1AE6B7AFDD58}"
EndProject
Project("{FAE04EC0-301F-11D3-BF4B-00C04F79EFBC}") = "p05_infoEmployer", "p05_infoEmployer\p05_infoEmployer.csproj", "{2BAE8A5D-09EA-473F-9150-296FAD7ED1C2}"
EndProject
Project("{FAE04EC0-301F-11D3-BF4B-00C04F79EFBC}") = "p06_Refactoring", "p06_Refactoring\p06_Refactoring.csproj", "{06E17FBB-4EA0-4032-B3B3-E3DD89C5C15D}"
EndProject
Global
	GlobalSection(SolutionConfigurationPlatforms) = preSolution
		Debug|Any CPU = Debug|Any CPU
		Release|Any CPU = Release|Any CPU
	EndGlobalSection
	GlobalSection(ProjectConfigurationPlatforms) = postSolution
		{5B7EF10E-A255-4B07-AECE-EECBB544EC65}.Debug|Any CPU.ActiveCfg = Debug|Any CPU
		{5B7EF10E-A255-4B07-AECE-EECBB544EC65}.Debug|Any CPU.Build.0 = Debug|Any CPU
		{5B7EF10E-A255-4B07-AECE-EECBB544EC65}.Release|Any CPU.ActiveCfg = Release|Any CPU
		{5B7EF10E-A255-4B07-AECE-EECBB544EC65}.Release|Any CPU.Build.0 = Release|Any CPU
		{B0A1728C-47B5-4A5C-8405-11580AE720CD}.Debug|Any CPU.ActiveCfg = Debug|Any CPU
		{B0A1728C-47B5-4A5C-8405-11580AE720CD}.Debug|Any CPU.Build.0 = Debug|Any CPU
		{B0A1728C-47B5-4A5C-8405-11580AE720CD}.Release|Any CPU.ActiveCfg = Release|Any CPU
		{B0A1728C-47B5-4A5C-8405-11580AE720CD}.Release|Any CPU.Build.0 = Release|Any CPU
		{0A54E1C0-07B5-498E-8FBA-1AE6B7AFDD58}.Debug|Any CPU.ActiveCfg = Debug|Any CPU
		{0A54E1C0-07B5-498E-8FBA-1AE6B7AFDD58}.Debug|Any CPU.Build.0 = Debug|Any CPU
		{0A54E1C0-07B5-498E-8FBA-1AE6B7AFDD58}.Release|Any CPU.ActiveCfg = Release|Any CPU
		{0A54E1C0-07B5-498E-8FBA-1AE6B7AFDD58}.Release|Any CPU.Build.0 = Release|Any CPU
		{2BAE8A5D-09EA-473F-9150-296FAD7ED1C2}.Debug|Any CPU.ActiveCfg = Debug|Any CPU
		{2BAE8A5D-09EA-473F-9150-296FAD7ED1C2}.Debug|Any CPU.Build.0 = Debug|Any CPU
		{2BAE8A5D-09EA-473F-9150-296FAD7ED1C2}.Release|Any CPU.ActiveCfg = Release|Any CPU
		{2BAE8A5D-09EA-473F-9150-296FAD7ED1C2}.Release|Any CPU.Build.0 = Release|Any CPU
		{06E17FBB-4EA0-4032-B3B3-E3DD89C5C15D}.Debug|Any CPU.ActiveCfg = Debug|Any CPU
		{06E17FBB-4EA0-4032-B3B3-E3DD89C5C15D}.Debug|Any CPU.Build.0 = Debug|Any CPU
		{06E17FBB-4EA0-4032-B3B3-E3DD89C5C15D}.Release|Any CPU.ActiveCfg = Release|Any CPU
		{06E17FBB-4EA0-4032-B3B3-E3DD89C5C15D}.Release|Any CPU.Build.0 = Release|Any CPU
	EndGlobalSection
	GlobalSection(SolutionProperties) = preSolution
		HideSolutionNode = FALSE
	EndGlobalSection
	GlobalSection(ExtensibilityGlobals) = postSolution
		SolutionGuid = {A881897A-B9DC-42A6-AE1C-C02E53F7A56B}
	EndGlobalSection
EndGlobal
